// !$*UTF8*$!
{
	archiveVersion = 1;
	classes = {
	};
	objectVersion = 46;
	objects = {

/* Begin PBXBuildFile section */
		AB03AAE01A0D197400CFA1EC /* main.m in Sources */ = {isa = PBXBuildFile; fileRef = AB03AADF1A0D197400CFA1EC /* main.m */; };
		AB03AAE31A0D197400CFA1EC /* AppDelegate.m in Sources */ = {isa = PBXBuildFile; fileRef = AB03AAE21A0D197400CFA1EC /* AppDelegate.m */; };
		AB03AAE61A0D197400CFA1EC /* ViewController.m in Sources */ = {isa = PBXBuildFile; fileRef = AB03AAE51A0D197400CFA1EC /* ViewController.m */; };
		AB03AAE91A0D197400CFA1EC /* Main.storyboard in Resources */ = {isa = PBXBuildFile; fileRef = AB03AAE71A0D197400CFA1EC /* Main.storyboard */; };
		AB03AAEB1A0D197400CFA1EC /* Images.xcassets in Resources */ = {isa = PBXBuildFile; fileRef = AB03AAEA1A0D197400CFA1EC /* Images.xcassets */; };
		AB03AAEE1A0D197400CFA1EC /* LaunchScreen.xib in Resources */ = {isa = PBXBuildFile; fileRef = AB03AAEC1A0D197400CFA1EC /* LaunchScreen.xib */; };
		AB03AAFA1A0D197400CFA1EC /* ToastDemoTests.m in Sources */ = {isa = PBXBuildFile; fileRef = AB03AAF91A0D197400CFA1EC /* ToastDemoTests.m */; };
		AB03AB051A0D1B7600CFA1EC /* Toast.m in Sources */ = {isa = PBXBuildFile; fileRef = AB03AB041A0D1B7600CFA1EC /* Toast.m */; };
/* End PBXBuildFile section */

/* Begin PBXContainerItemProxy section */
		AB03AAF41A0D197400CFA1EC /* PBXContainerItemProxy */ = {
			isa = PBXContainerItemProxy;
			containerPortal = AB03AAD21A0D197400CFA1EC /* Project object */;
			proxyType = 1;
			remoteGlobalIDString = AB03AAD91A0D197400CFA1EC;
			remoteInfo = ToastDemo;
		};
/* End PBXContainerItemProxy section */

/* Begin PBXFileReference section */
		AB03AADA1A0D197400CFA1EC /* ToastDemo.app */ = {isa = PBXFileReference; explicitFileType = wrapper.application; includeInIndex = 0; path = ToastDemo.app; sourceTree = BUILT_PRODUCTS_DIR; };
		AB03AADE1A0D197400CFA1EC /* Info.plist */ = {isa = PBXFileReference; lastKnownFileType = text.plist.xml; path = Info.plist; sourceTree = "<group>"; };
		AB03AADF1A0D197400CFA1EC /* main.m */ = {isa = PBXFileReference; lastKnownFileType = sourcecode.c.objc; path = main.m; sourceTree = "<group>"; };
		AB03AAE11A0D197400CFA1EC /* AppDelegate.h */ = {isa = PBXFileReference; lastKnownFileType = sourcecode.c.h; path = AppDelegate.h; sourceTree = "<group>"; };
		AB03AAE21A0D197400CFA1EC /* AppDelegate.m */ = {isa = PBXFileReference; lastKnownFileType = sourcecode.c.objc; path = AppDelegate.m; sourceTree = "<group>"; };
		AB03AAE41A0D197400CFA1EC /* ViewController.h */ = {isa = PBXFileReference; lastKnownFileType = sourcecode.c.h; path = ViewController.h; sourceTree = "<group>"; };
		AB03AAE51A0D197400CFA1EC /* ViewController.m */ = {isa = PBXFileReference; lastKnownFileType = sourcecode.c.objc; path = ViewController.m; sourceTree = "<group>"; };
		AB03AAE81A0D197400CFA1EC /* Base */ = {isa = PBXFileReference; lastKnownFileType = file.storyboard; name = Base; path = Base.lproj/Main.storyboard; sourceTree = "<group>"; };
		AB03AAEA1A0D197400CFA1EC /* Images.xcassets */ = {isa = PBXFileReference; lastKnownFileType = folder.assetcatalog; path = Images.xcassets; sourceTree = "<group>"; };
		AB03AAED1A0D197400CFA1EC /* Base */ = {isa = PBXFileReference; lastKnownFileType = file.xib; name = Base; path = Base.lproj/LaunchScreen.xib; sourceTree = "<group>"; };
		AB03AAF31A0D197400CFA1EC /* ToastDemoTests.xctest */ = {isa = PBXFileReference; explicitFileType = wrapper.cfbundle; includeInIndex = 0; path = ToastDemoTests.xctest; sourceTree = BUILT_PRODUCTS_DIR; };
		AB03AAF81A0D197400CFA1EC /* Info.plist */ = {isa = PBXFileReference; lastKnownFileType = text.plist.xml; path = Info.plist; sourceTree = "<group>"; };
		AB03AAF91A0D197400CFA1EC /* ToastDemoTests.m */ = {isa = PBXFileReference; lastKnownFileType = sourcecode.c.objc; path = ToastDemoTests.m; sourceTree = "<group>"; };
		AB03AB031A0D1B7600CFA1EC /* Toast.h */ = {isa = PBXFileReference; fileEncoding = 4; lastKnownFileType = sourcecode.c.h; path = Toast.h; sourceTree = "<group>"; };
		AB03AB041A0D1B7600CFA1EC /* Toast.m */ = {isa = PBXFileReference; fileEncoding = 4; lastKnownFileType = sourcecode.c.objc; path = Toast.m; sourceTree = "<group>"; };
/* End PBXFileReference section */

/* Begin PBXFrameworksBuildPhase section */
		AB03AAD71A0D197400CFA1EC /* Frameworks */ = {
			isa = PBXFrameworksBuildPhase;
			buildActionMask = 2147483647;
			files = (
			);
			runOnlyForDeploymentPostprocessing = 0;
		};
		AB03AAF01A0D197400CFA1EC /* Frameworks */ = {
			isa = PBXFrameworksBuildPhase;
			buildActionMask = 2147483647;
			files = (
			);
			runOnlyForDeploymentPostprocessing = 0;
		};
/* End PBXFrameworksBuildPhase section */

/* Begin PBXGroup section */
		AB03AAD11A0D197400CFA1EC = {
			isa = PBXGroup;
			children = (
				AB03AADC1A0D197400CFA1EC /* ToastDemo */,
				AB03AAF61A0D197400CFA1EC /* ToastDemoTests */,
				AB03AADB1A0D197400CFA1EC /* Products */,
			);
			sourceTree = "<group>";
		};
		AB03AADB1A0D197400CFA1EC /* Products */ = {
			isa = PBXGroup;
			children = (
				AB03AADA1A0D197400CFA1EC /* ToastDemo.app */,
				AB03AAF31A0D197400CFA1EC /* ToastDemoTests.xctest */,
			);
			name = Products;
			sourceTree = "<group>";
		};
		AB03AADC1A0D197400CFA1EC /* ToastDemo */ = {
			isa = PBXGroup;
			children = (
				AB03AAE11A0D197400CFA1EC /* AppDelegate.h */,
				AB03AAE21A0D197400CFA1EC /* AppDelegate.m */,
				AB03AAE41A0D197400CFA1EC /* ViewController.h */,
				AB03AAE51A0D197400CFA1EC /* ViewController.m */,
				AB03AB031A0D1B7600CFA1EC /* Toast.h */,
				AB03AB041A0D1B7600CFA1EC /* Toast.m */,
				AB03AAE71A0D197400CFA1EC /* Main.storyboard */,
				AB03AAEA1A0D197400CFA1EC /* Images.xcassets */,
				AB03AAEC1A0D197400CFA1EC /* LaunchScreen.xib */,
				AB03AADD1A0D197400CFA1EC /* Supporting Files */,
			);
			path = ToastDemo;
			sourceTree = "<group>";
		};
		AB03AADD1A0D197400CFA1EC /* Supporting Files */ = {
			isa = PBXGroup;
			children = (
				AB03AADE1A0D197400CFA1EC /* Info.plist */,
				AB03AADF1A0D197400CFA1EC /* main.m */,
			);
			name = "Supporting Files";
			sourceTree = "<group>";
		};
		AB03AAF61A0D197400CFA1EC /* ToastDemoTests */ = {
			isa = PBXGroup;
			children = (
				AB03AAF91A0D197400CFA1EC /* ToastDemoTests.m */,
				AB03AAF71A0D197400CFA1EC /* Supporting Files */,
			);
			path = ToastDemoTests;
			sourceTree = "<group>";
		};
		AB03AAF71A0D197400CFA1EC /* Supporting Files */ = {
			isa = PBXGroup;
			children = (
				AB03AAF81A0D197400CFA1EC /* Info.plist */,
			);
			name = "Supporting Files";
			sourceTree = "<group>";
		};
/* End PBXGroup section */

/* Begin PBXNativeTarget section */
		AB03AAD91A0D197400CFA1EC /* ToastDemo */ = {
			isa = PBXNativeTarget;
			buildConfigurationList = AB03AAFD1A0D197400CFA1EC /* Build configuration list for PBXNativeTarget "ToastDemo" */;
			buildPhases = (
				AB03AAD61A0D197400CFA1EC /* Sources */,
				AB03AAD71A0D197400CFA1EC /* Frameworks */,
				AB03AAD81A0D197400CFA1EC /* Resources */,
			);
			buildRules = (
			);
			dependencies = (
			);
			name = ToastDemo;
			productName = ToastDemo;
			productReference = AB03AADA1A0D197400CFA1EC /* ToastDemo.app */;
			productType = "com.apple.product-type.application";
		};
		AB03AAF21A0D197400CFA1EC /* ToastDemoTests */ = {
			isa = PBXNativeTarget;
			buildConfigurationList = AB03AB001A0D197400CFA1EC /* Build configuration list for PBXNativeTarget "ToastDemoTests" */;
			buildPhases = (
				AB03AAEF1A0D197400CFA1EC /* Sources */,
				AB03AAF01A0D197400CFA1EC /* Frameworks */,
				AB03AAF11A0D197400CFA1EC /* Resources */,
			);
			buildRules = (
			);
			dependencies = (
				AB03AAF51A0D197400CFA1EC /* PBXTargetDependency */,
			);
			name = ToastDemoTests;
			productName = ToastDemoTests;
			productReference = AB03AAF31A0D197400CFA1EC /* ToastDemoTests.xctest */;
			productType = "com.apple.product-type.bundle.unit-test";
		};
/* End PBXNativeTarget section */

/* Begin PBXProject section */
		AB03AAD21A0D197400CFA1EC /* Project object */ = {
			isa = PBXProject;
			attributes = {
				LastUpgradeCheck = 0600;
				ORGANIZATIONNAME = "Ajith Kumar";
				TargetAttributes = {
					AB03AAD91A0D197400CFA1EC = {
						CreatedOnToolsVersion = 6.0;
					};
					AB03AAF21A0D197400CFA1EC = {
						CreatedOnToolsVersion = 6.0;
						TestTargetID = AB03AAD91A0D197400CFA1EC;
					};
				};
			};
			buildConfigurationList = AB03AAD51A0D197400CFA1EC /* Build configuration list for PBXProject "ToastDemo" */;
			compatibilityVersion = "Xcode 3.2";
			developmentRegion = English;
			hasScannedForEncodings = 0;
			knownRegions = (
				en,
				Base,
			);
			mainGroup = AB03AAD11A0D197400CFA1EC;
			productRefGroup = AB03AADB1A0D197400CFA1EC /* Products */;
			projectDirPath = "";
			projectRoot = "";
			targets = (
				AB03AAD91A0D197400CFA1EC /* ToastDemo */,
				AB03AAF21A0D197400CFA1EC /* ToastDemoTests */,
			);
		};
/* End PBXProject section */

/* Begin PBXResourcesBuildPhase section */
		AB03AAD81A0D197400CFA1EC /* Resources */ = {
			isa = PBXResourcesBuildPhase;
			buildActionMask = 2147483647;
			files = (
				AB03AAE91A0D197400CFA1EC /* Main.storyboard in Resources */,
				AB03AAEE1A0D197400CFA1EC /* LaunchScreen.xib in Resources */,
				AB03AAEB1A0D197400CFA1EC /* Images.xcassets in Resources */,
			);
			runOnlyForDeploymentPostprocessing = 0;
		};
		AB03AAF11A0D197400CFA1EC /* Resources */ = {
			isa = PBXResourcesBuildPhase;
			buildActionMask = 2147483647;
			files = (
			);
			runOnlyForDeploymentPostprocessing = 0;
		};
/* End PBXResourcesBuildPhase section */

/* Begin PBXSourcesBuildPhase section */
		AB03AAD61A0D197400CFA1EC /* Sources */ = {
			isa = PBXSourcesBuildPhase;
			buildActionMask = 2147483647;
			files = (
				AB03AAE61A0D197400CFA1EC /* ViewController.m in Sources */,
				AB03AB051A0D1B7600CFA1EC /* Toast.m in Sources */,
				AB03AAE31A0D197400CFA1EC /* AppDelegate.m in Sources */,
				AB03AAE01A0D197400CFA1EC /* main.m in Sources */,
			);
			runOnlyForDeploymentPostprocessing = 0;
		};
		AB03AAEF1A0D197400CFA1EC /* Sources */ = {
			isa = PBXSourcesBuildPhase;
			buildActionMask = 2147483647;
			files = (
				AB03AAFA1A0D197400CFA1EC /* ToastDemoTests.m in Sources */,
			);
			runOnlyForDeploymentPostprocessing = 0;
		};
/* End PBXSourcesBuildPhase section */

/* Begin PBXTargetDependency section */
		AB03AAF51A0D197400CFA1EC /* PBXTargetDependency */ = {
			isa = PBXTargetDependency;
			target = AB03AAD91A0D197400CFA1EC /* ToastDemo */;
			targetProxy = AB03AAF41A0D197400CFA1EC /* PBXContainerItemProxy */;
		};
/* End PBXTargetDependency section */

/* Begin PBXVariantGroup section */
		AB03AAE71A0D197400CFA1EC /* Main.storyboard */ = {
			isa = PBXVariantGroup;
			children = (
				AB03AAE81A0D197400CFA1EC /* Base */,
			);
			name = Main.storyboard;
			sourceTree = "<group>";
		};
		AB03AAEC1A0D197400CFA1EC /* LaunchScreen.xib */ = {
			isa = PBXVariantGroup;
			children = (
				AB03AAED1A0D197400CFA1EC /* Base */,
			);
			name = LaunchScreen.xib;
			sourceTree = "<group>";
		};
/* End PBXVariantGroup section */

/* Begin XCBuildConfiguration section */
		AB03AAFB1A0D197400CFA1EC /* Debug */ = {
			isa = XCBuildConfiguration;
			buildSettings = {
				ALWAYS_SEARCH_USER_PATHS = NO;
				CLANG_CXX_LANGUAGE_STANDARD = "gnu++0x";
				CLANG_CXX_LIBRARY = "libc++";
				CLANG_ENABLE_MODULES = YES;
				CLANG_ENABLE_OBJC_ARC = YES;
				CLANG_WARN_BOOL_CONVERSION = YES;
				CLANG_WARN_CONSTANT_CONVERSION = YES;
				CLANG_WARN_DIRECT_OBJC_ISA_USAGE = YES_ERROR;
				CLANG_WARN_EMPTY_BODY = YES;
				CLANG_WARN_ENUM_CONVERSION = YES;
				CLANG_WARN_INT_CONVERSION = YES;
				CLANG_WARN_OBJC_ROOT_CLASS = YES_ERROR;
				CLANG_WARN_UNREACHABLE_CODE = YES;
				CLANG_WARN__DUPLICATE_METHOD_MATCH = YES;
				"CODE_SIGN_IDENTITY[sdk=iphoneos*]" = "iPhone Developer";
				COPY_PHASE_STRIP = NO;
				ENABLE_STRICT_OBJC_MSGSEND = YES;
				GCC_C_LANGUAGE_STANDARD = gnu99;
				GCC_DYNAMIC_NO_PIC = NO;
				GCC_OPTIMIZATION_LEVEL = 0;
				GCC_PREPROCESSOR_DEFINITIONS = (
					"DEBUG=1",
					"$(inherited)",
				);
				GCC_SYMBOLS_PRIVATE_EXTERN = NO;
				GCC_WARN_64_TO_32_BIT_CONVERSION = YES;
				GCC_WARN_ABOUT_RETURN_TYPE = YES_ERROR;
				GCC_WARN_UNDECLARED_SELECTOR = YES;
				GCC_WARN_UNINITIALIZED_AUTOS = YES_AGGRESSIVE;
				GCC_WARN_UNUSED_FUNCTION = YES;
				GCC_WARN_UNUSED_VARIABLE = YES;
				IPHONEOS_DEPLOYMENT_TARGET = 8.0;
				MTL_ENABLE_DEBUG_INFO = YES;
				ONLY_ACTIVE_ARCH = YES;
				SDKROOT = iphoneos;
			};
			name = Debug;
		};
		AB03AAFC1A0D197400CFA1EC /* Release */ = {
			isa = XCBuildConfiguration;
			buildSettings = {
				ALWAYS_SEARCH_USER_PATHS = NO;
				CLANG_CXX_LANGUAGE_STANDARD = "gnu++0x";
				CLANG_CXX_LIBRARY = "libc++";
				CLANG_ENABLE_MODULES = YES;
				CLANG_ENABLE_OBJC_ARC = YES;
				CLANG_WARN_BOOL_CONVERSION = YES;
				CLANG_WARN_CONSTANT_CONVERSION = YES;
				CLANG_WARN_DIRECT_OBJC_ISA_USAGE = YES_ERROR;
				CLANG_WARN_EMPTY_BODY = YES;
				CLANG_WARN_ENUM_CONVERSION = YES;
				CLANG_WARN_INT_CONVERSION = YES;
				CLANG_WARN_OBJC_ROOT_CLASS = YES_ERROR;
				CLANG_WARN_UNREACHABLE_CODE = YES;
				CLANG_WARN__DUPLICATE_METHOD_MATCH = YES;
				"CODE_SIGN_IDENTITY[sdk=iphoneos*]" = "iPhone Developer";
				COPY_PHASE_STRIP = YES;
				ENABLE_NS_ASSERTIONS = NO;
				ENABLE_STRICT_OBJC_MSGSEND = YES;
				GCC_C_LANGUAGE_STANDARD = gnu99;
				GCC_WARN_64_TO_32_BIT_CONVERSION = YES;
				GCC_WARN_ABOUT_RETURN_TYPE = YES_ERROR;
				GCC_WARN_UNDECLARED_SELECTOR = YES;
				GCC_WARN_UNINITIALIZED_AUTOS = YES_AGGRESSIVE;
				GCC_WARN_UNUSED_FUNCTION = YES;
				GCC_WARN_UNUSED_VARIABLE = YES;
				IPHONEOS_DEPLOYMENT_TARGET = 8.0;
				MTL_ENABLE_DEBUG_INFO = NO;
				SDKROOT = iphoneos;
				VALIDATE_PRODUCT = YES;
			};
			name = Release;
		};
		AB03AAFE1A0D197400CFA1EC /* Debug */ = {
			isa = XCBuildConfiguration;
			buildSettings = {
				ASSETCATALOG_COMPILER_APPICON_NAME = AppIcon;
				INFOPLIST_FILE = ToastDemo/Info.plist;
				LD_RUNPATH_SEARCH_PATHS = "$(inherited) @executable_path/Frameworks";
				PRODUCT_NAME = "$(TARGET_NAME)";
			};
			name = Debug;
		};
		AB03AAFF1A0D197400CFA1EC /* Release */ = {
			isa = XCBuildConfiguration;
			buildSettings = {
				ASSETCATALOG_COMPILER_APPICON_NAME = AppIcon;
				INFOPLIST_FILE = ToastDemo/Info.plist;
				LD_RUNPATH_SEARCH_PATHS = "$(inherited) @executable_path/Frameworks";
				PRODUCT_NAME = "$(TARGET_NAME)";
			};
			name = Release;
		};
		AB03AB011A0D197400CFA1EC /* Debug */ = {
			isa = XCBuildConfiguration;
			buildSettings = {
				BUNDLE_LOADER = "$(TEST_HOST)";
				FRAMEWORK_SEARCH_PATHS = (
					"$(SDKROOT)/Developer/Library/Frameworks",
					"$(inherited)",
				);
				GCC_PREPROCESSOR_DEFINITIONS = (
					"DEBUG=1",
					"$(inherited)",
				);
				INFOPLIST_FILE = ToastDemoTests/Info.plist;
				LD_RUNPATH_SEARCH_PATHS = "$(inherited) @executable_path/Frameworks @loader_path/Frameworks";
				PRODUCT_NAME = "$(TARGET_NAME)";
				TEST_HOST = "$(BUILT_PRODUCTS_DIR)/ToastDemo.app/ToastDemo";
			};
			name = Debug;
		};
		AB03AB021A0D197400CFA1EC /* Release */ = {
			isa = XCBuildConfiguration;
			buildSettings = {
				BUNDLE_LOADER = "$(TEST_HOST)";
				FRAMEWORK_SEARCH_PATHS = (
					"$(SDKROOT)/Developer/Library/Frameworks",
					"$(inherited)",
				);
				INFOPLIST_FILE = ToastDemoTests/Info.plist;
				LD_RUNPATH_SEARCH_PATHS = "$(inherited) @executable_path/Frameworks @loader_path/Frameworks";
				PRODUCT_NAME = "$(TARGET_NAME)";
				TEST_HOST = "$(BUILT_PRODUCTS_DIR)/ToastDemo.app/ToastDemo";
			};
			name = Release;
		};
/* End XCBuildConfiguration section */

/* Begin XCConfigurationList section */
		AB03AAD51A0D197400CFA1EC /* Build configuration list for PBXProject "ToastDemo" */ = {
			isa = XCConfigurationList;
			buildConfigurations = (
				AB03AAFB1A0D197400CFA1EC /* Debug */,
				AB03AAFC1A0D197400CFA1EC /* Release */,
			);
			defaultConfigurationIsVisible = 0;
			defaultConfigurationName = Release;
		};
		AB03AAFD1A0D197400CFA1EC /* Build configuration list for PBXNativeTarget "ToastDemo" */ = {
			isa = XCConfigurationList;
			buildConfigurations = (
				AB03AAFE1A0D197400CFA1EC /* Debug */,
				AB03AAFF1A0D197400CFA1EC /* Release */,
			);
			defaultConfigurationIsVisible = 0;
		};
		AB03AB001A0D197400CFA1EC /* Build configuration list for PBXNativeTarget "ToastDemoTests" */ = {
			isa = XCConfigurationList;
			buildConfigurations = (
				AB03AB011A0D197400CFA1EC /* Debug */,
				AB03AB021A0D197400CFA1EC /* Release */,
			);
			defaultConfigurationIsVisible = 0;
		};
/* End XCConfigurationList section */
	};
	rootObject = AB03AAD21A0D197400CFA1EC /* Project object */;
}
